
Microsoft Visual Studio Solution File, Format Version 12.00
# Visual Studio 15
VisualStudioVersion = 15.0.27130.2036
MinimumVisualStudioVersion = 10.0.40219.1
Project("{FAE04EC0-301F-11D3-BF4B-00C04F79EFBC}") = "signaletest", "signaletest\signaletest.csproj", "{B0077695-2469-44F2-A914-393128898D39}"
EndProject
Global
	GlobalSection(SolutionConfigurationPlatforms) = preSolution
		Debug|Any CPU = Debug|Any CPU
		Release|Any CPU = Release|Any CPU
	EndGlobalSection
	GlobalSection(ProjectConfigurationPlatforms) = postSolution
		{B0077695-2469-44F2-A914-393128898D39}.Debug|Any CPU.ActiveCfg = Debug|Any CPU
		{B0077695-2469-44F2-A914-393128898D39}.Debug|Any CPU.Build.0 = Debug|Any CPU
		{B0077695-2469-44F2-A914-393128898D39}.Release|Any CPU.ActiveCfg = Release|Any CPU
		{B0077695-2469-44F2-A914-393128898D39}.Release|Any CPU.Build.0 = Release|Any CPU
	EndGlobalSection
	GlobalSection(SolutionProperties) = preSolution
		HideSolutionNode = FALSE
	EndGlobalSection
	GlobalSection(ExtensibilityGlobals) = postSolution
		SolutionGuid = {B2098B15-1693-498E-A4B7-3ECD5A27B2EC}
	EndGlobalSection
EndGlobal
